
Microsoft Visual Studio Solution File, Format Version 12.00
# Visual Studio 2015
Project("{FAE04EC0-301F-11D3-BF4B-00C04F79EFBC}") = "GDC-7.CSharp", "GDC-7.CSharp.csproj", "{C40BC61E-691D-4C95-18BC-82C3C3FF458A}"
EndProject
Project("{FAE04EC0-301F-11D3-BF4B-00C04F79EFBC}") = "GDC-7.CSharp.Editor", "GDC-7.CSharp.Editor.csproj", "{5E05E56B-2A08-B09D-175A-4C3AAE41B447}"
EndProject
Global
	GlobalSection(SolutionConfigurationPlatforms) = preSolution
		Debug|Any CPU = Debug|Any CPU
		Release|Any CPU = Release|Any CPU
	EndGlobalSection
	GlobalSection(ProjectConfigurationPlatforms) = postSolution
		{C40BC61E-691D-4C95-18BC-82C3C3FF458A}.Debug|Any CPU.ActiveCfg = Debug|Any CPU
		{C40BC61E-691D-4C95-18BC-82C3C3FF458A}.Debug|Any CPU.Build.0 = Debug|Any CPU
		{C40BC61E-691D-4C95-18BC-82C3C3FF458A}.Release|Any CPU.ActiveCfg = Release|Any CPU
		{C40BC61E-691D-4C95-18BC-82C3C3FF458A}.Release|Any CPU.Build.0 = Release|Any CPU
		{5E05E56B-2A08-B09D-175A-4C3AAE41B447}.Debug|Any CPU.ActiveCfg = Debug|Any CPU
		{5E05E56B-2A08-B09D-175A-4C3AAE41B447}.Debug|Any CPU.Build.0 = Debug|Any CPU
		{5E05E56B-2A08-B09D-175A-4C3AAE41B447}.Release|Any CPU.ActiveCfg = Release|Any CPU
		{5E05E56B-2A08-B09D-175A-4C3AAE41B447}.Release|Any CPU.Build.0 = Release|Any CPU
	EndGlobalSection
	GlobalSection(SolutionProperties) = preSolution
		HideSolutionNode = FALSE
	EndGlobalSection
EndGlobal
